
Microsoft Visual Studio Solution File, Format Version 12.00
# Visual Studio Version 16
VisualStudioVersion = 16.0.31205.134
MinimumVisualStudioVersion = 10.0.40219.1
Project("{FAE04EC0-301F-11D3-BF4B-00C04F79EFBC}") = "bookly", "bookly\bookly.csproj", "{3BDA3A49-C2E2-4976-BAA7-B34C4BE3F247}"
EndProject
Global
	GlobalSection(SolutionConfigurationPlatforms) = preSolution
		Debug|Any CPU = Debug|Any CPU
		Release|Any CPU = Release|Any CPU
	EndGlobalSection
	GlobalSection(ProjectConfigurationPlatforms) = postSolution
		{3BDA3A49-C2E2-4976-BAA7-B34C4BE3F247}.Debug|Any CPU.ActiveCfg = Debug|Any CPU
		{3BDA3A49-C2E2-4976-BAA7-B34C4BE3F247}.Debug|Any CPU.Build.0 = Debug|Any CPU
		{3BDA3A49-C2E2-4976-BAA7-B34C4BE3F247}.Release|Any CPU.ActiveCfg = Release|Any CPU
		{3BDA3A49-C2E2-4976-BAA7-B34C4BE3F247}.Release|Any CPU.Build.0 = Release|Any CPU
	EndGlobalSection
	GlobalSection(SolutionProperties) = preSolution
		HideSolutionNode = FALSE
	EndGlobalSection
	GlobalSection(ExtensibilityGlobals) = postSolution
		SolutionGuid = {7CA6EA6B-FA33-470C-A186-A4FC9B377C33}
	EndGlobalSection
EndGlobal
